
Microsoft Visual Studio Solution File, Format Version 12.00
# Visual Studio Version 17
VisualStudioVersion = 17.14.36221.1
MinimumVisualStudioVersion = 10.0.40219.1
Project("{2150E333-8FDC-42A3-9474-1A3956D46DE8}") = "1. Distribuição", "1. Distribuição", "{02EA681E-C7D8-13C7-8484-4AC65E1B71E8}"
EndProject
Project("{2150E333-8FDC-42A3-9474-1A3956D46DE8}") = "2. Core", "2. Core", "{B0EE3301-8912-454F-8C43-92999D8274F6}"
EndProject
Project("{2150E333-8FDC-42A3-9474-1A3956D46DE8}") = "3. Infraestrutura", "3. Infraestrutura", "{C7C3A84C-B377-4CFA-988B-5370985CD1ED}"
EndProject
Project("{2150E333-8FDC-42A3-9474-1A3956D46DE8}") = "4. Testes", "4. Testes", "{E0EAF5DF-7059-4519-9E5D-BCABC1FF8FA1}"
EndProject
Project("{2150E333-8FDC-42A3-9474-1A3956D46DE8}") = "Camada de Aplicação", "Camada de Aplicação", "{D17AFF7C-F6EB-4915-8E0A-1622B89D8E91}"
EndProject
Project("{2150E333-8FDC-42A3-9474-1A3956D46DE8}") = "Camada de Domínio", "Camada de Domínio", "{986FED94-BD1B-4F5C-A766-CCB275E08FD4}"
EndProject
Project("{FAE04EC0-301F-11D3-BF4B-00C04F79EFBC}") = "LocadoraDeVeiculos.WebApi", "web-api\LocadoraDeVeiculos.WebApi.csproj", "{3CBD600F-3E3C-8AF6-BC09-3A8591F60AD9}"
EndProject
Project("{FAE04EC0-301F-11D3-BF4B-00C04F79EFBC}") = "LocadoraDeVeiculos.Infraestrutura.Orm", "infra\orm\LocadoraDeVeiculos.Infraestrutura.Orm.csproj", "{513A1C01-B7FD-B061-B3F1-B3D05E0B159A}"
EndProject
Project("{FAE04EC0-301F-11D3-BF4B-00C04F79EFBC}") = "LocadoraDeVeiculos.Dominio", "core\domain\LocadoraDeVeiculos.Dominio.csproj", "{F501F138-D47B-DC78-A60B-6AAFF28EE395}"
EndProject
Project("{FAE04EC0-301F-11D3-BF4B-00C04F79EFBC}") = "LocadoraDeVeiculos.Aplicacao", "core\app\LocadoraDeVeiculos.Aplicacao.csproj", "{6A83DCBC-41AD-C2D3-20C1-9D648848D285}"
EndProject
Project("{2150E333-8FDC-42A3-9474-1A3956D46DE8}") = "Testes de Integração", "Testes de Integração", "{524937C1-C73C-4E35-8B74-EE2A2D0E6DC5}"
EndProject
Project("{FAE04EC0-301F-11D3-BF4B-00C04F79EFBC}") = "LocadoraDeVeiculos.Testes.Integracao", "LocadoraDeVeiculos.Testes.Integracao\LocadoraDeVeiculos.Testes.Integracao.csproj", "{62FD599F-1B5C-4834-BD95-7AF5E868C5EB}"
EndProject
Global
	GlobalSection(SolutionConfigurationPlatforms) = preSolution
		Debug|Any CPU = Debug|Any CPU
		Release|Any CPU = Release|Any CPU
	EndGlobalSection
	GlobalSection(ProjectConfigurationPlatforms) = postSolution
		{3CBD600F-3E3C-8AF6-BC09-3A8591F60AD9}.Debug|Any CPU.ActiveCfg = Debug|Any CPU
		{3CBD600F-3E3C-8AF6-BC09-3A8591F60AD9}.Debug|Any CPU.Build.0 = Debug|Any CPU
		{3CBD600F-3E3C-8AF6-BC09-3A8591F60AD9}.Release|Any CPU.ActiveCfg = Release|Any CPU
		{3CBD600F-3E3C-8AF6-BC09-3A8591F60AD9}.Release|Any CPU.Build.0 = Release|Any CPU
		{513A1C01-B7FD-B061-B3F1-B3D05E0B159A}.Debug|Any CPU.ActiveCfg = Debug|Any CPU
		{513A1C01-B7FD-B061-B3F1-B3D05E0B159A}.Debug|Any CPU.Build.0 = Debug|Any CPU
		{513A1C01-B7FD-B061-B3F1-B3D05E0B159A}.Release|Any CPU.ActiveCfg = Release|Any CPU
		{513A1C01-B7FD-B061-B3F1-B3D05E0B159A}.Release|Any CPU.Build.0 = Release|Any CPU
		{F501F138-D47B-DC78-A60B-6AAFF28EE395}.Debug|Any CPU.ActiveCfg = Debug|Any CPU
		{F501F138-D47B-DC78-A60B-6AAFF28EE395}.Debug|Any CPU.Build.0 = Debug|Any CPU
		{F501F138-D47B-DC78-A60B-6AAFF28EE395}.Release|Any CPU.ActiveCfg = Release|Any CPU
		{F501F138-D47B-DC78-A60B-6AAFF28EE395}.Release|Any CPU.Build.0 = Release|Any CPU
		{6A83DCBC-41AD-C2D3-20C1-9D648848D285}.Debug|Any CPU.ActiveCfg = Debug|Any CPU
		{6A83DCBC-41AD-C2D3-20C1-9D648848D285}.Debug|Any CPU.Build.0 = Debug|Any CPU
		{6A83DCBC-41AD-C2D3-20C1-9D648848D285}.Release|Any CPU.ActiveCfg = Release|Any CPU
		{6A83DCBC-41AD-C2D3-20C1-9D648848D285}.Release|Any CPU.Build.0 = Release|Any CPU
		{62FD599F-1B5C-4834-BD95-7AF5E868C5EB}.Debug|Any CPU.ActiveCfg = Debug|Any CPU
		{62FD599F-1B5C-4834-BD95-7AF5E868C5EB}.Debug|Any CPU.Build.0 = Debug|Any CPU
		{62FD599F-1B5C-4834-BD95-7AF5E868C5EB}.Release|Any CPU.ActiveCfg = Release|Any CPU
		{62FD599F-1B5C-4834-BD95-7AF5E868C5EB}.Release|Any CPU.Build.0 = Release|Any CPU
	EndGlobalSection
	GlobalSection(SolutionProperties) = preSolution
		HideSolutionNode = FALSE
	EndGlobalSection
	GlobalSection(NestedProjects) = preSolution
		{D17AFF7C-F6EB-4915-8E0A-1622B89D8E91} = {B0EE3301-8912-454F-8C43-92999D8274F6}
		{986FED94-BD1B-4F5C-A766-CCB275E08FD4} = {B0EE3301-8912-454F-8C43-92999D8274F6}
		{3CBD600F-3E3C-8AF6-BC09-3A8591F60AD9} = {02EA681E-C7D8-13C7-8484-4AC65E1B71E8}
		{513A1C01-B7FD-B061-B3F1-B3D05E0B159A} = {C7C3A84C-B377-4CFA-988B-5370985CD1ED}
		{F501F138-D47B-DC78-A60B-6AAFF28EE395} = {986FED94-BD1B-4F5C-A766-CCB275E08FD4}
		{6A83DCBC-41AD-C2D3-20C1-9D648848D285} = {D17AFF7C-F6EB-4915-8E0A-1622B89D8E91}
		{524937C1-C73C-4E35-8B74-EE2A2D0E6DC5} = {E0EAF5DF-7059-4519-9E5D-BCABC1FF8FA1}
		{62FD599F-1B5C-4834-BD95-7AF5E868C5EB} = {524937C1-C73C-4E35-8B74-EE2A2D0E6DC5}
	EndGlobalSection
	GlobalSection(ExtensibilityGlobals) = postSolution
		SolutionGuid = {5104D929-A78D-4689-9D7B-6A33C4AF60EB}
	EndGlobalSection
EndGlobal
